
Microsoft Visual Studio Solution File, Format Version 12.00
# Visual Studio Version 17
VisualStudioVersion = 17.14.36616.10 d17.14
MinimumVisualStudioVersion = 10.0.40219.1
Project("{FAE04EC0-301F-11D3-BF4B-00C04F79EFBC}") = "LionPetManagement", "LionPetManagement\LionPetManagement.csproj", "{42DFE49F-EF6D-4447-AA2A-344C2F92056C}"
EndProject
Project("{FAE04EC0-301F-11D3-BF4B-00C04F79EFBC}") = "DataAccessLayer", "DataAccessLayer\DataAccessLayer.csproj", "{6A197607-A429-4A79-B8DA-3EDA7F97A687}"
EndProject
Project("{FAE04EC0-301F-11D3-BF4B-00C04F79EFBC}") = "BusinessLayer", "BusinessLayer\BusinessLayer.csproj", "{49D0420C-8406-4FD6-85FA-55823BF25EAA}"
EndProject
Global
	GlobalSection(SolutionConfigurationPlatforms) = preSolution
		Debug|Any CPU = Debug|Any CPU
		Release|Any CPU = Release|Any CPU
	EndGlobalSection
	GlobalSection(ProjectConfigurationPlatforms) = postSolution
		{42DFE49F-EF6D-4447-AA2A-344C2F92056C}.Debug|Any CPU.ActiveCfg = Debug|Any CPU
		{42DFE49F-EF6D-4447-AA2A-344C2F92056C}.Debug|Any CPU.Build.0 = Debug|Any CPU
		{42DFE49F-EF6D-4447-AA2A-344C2F92056C}.Release|Any CPU.ActiveCfg = Release|Any CPU
		{42DFE49F-EF6D-4447-AA2A-344C2F92056C}.Release|Any CPU.Build.0 = Release|Any CPU
		{6A197607-A429-4A79-B8DA-3EDA7F97A687}.Debug|Any CPU.ActiveCfg = Debug|Any CPU
		{6A197607-A429-4A79-B8DA-3EDA7F97A687}.Debug|Any CPU.Build.0 = Debug|Any CPU
		{6A197607-A429-4A79-B8DA-3EDA7F97A687}.Release|Any CPU.ActiveCfg = Release|Any CPU
		{6A197607-A429-4A79-B8DA-3EDA7F97A687}.Release|Any CPU.Build.0 = Release|Any CPU
		{49D0420C-8406-4FD6-85FA-55823BF25EAA}.Debug|Any CPU.ActiveCfg = Debug|Any CPU
		{49D0420C-8406-4FD6-85FA-55823BF25EAA}.Debug|Any CPU.Build.0 = Debug|Any CPU
		{49D0420C-8406-4FD6-85FA-55823BF25EAA}.Release|Any CPU.ActiveCfg = Release|Any CPU
		{49D0420C-8406-4FD6-85FA-55823BF25EAA}.Release|Any CPU.Build.0 = Release|Any CPU
	EndGlobalSection
	GlobalSection(SolutionProperties) = preSolution
		HideSolutionNode = FALSE
	EndGlobalSection
	GlobalSection(ExtensibilityGlobals) = postSolution
		SolutionGuid = {89607DE9-C904-4F20-89C8-67DB1CEF7539}
	EndGlobalSection
EndGlobal
